397312351265131411491177121712551276129513131331142814471466148314991515153215491565158316011619163716531676169217091731175517911817206520822116213421512174219222082225224622622282231523392376239924162449248825052522254225602577259526142716274027632780279728222839285728743376339434133430344734693486350335223539355535713588360736243640365736773699371537343751377437913812383338503866388238993918394239834087412054395470549255255547556455811339136413821409143614601482150015311569179726072624266226952728276111931374